// !$*UTF8*$!
{
	archiveVersion = 1;
	classes = {
	};
	objectVersion = 50;
	objects = {

/* Begin PBXBuildFile section */
		84CFAE6A25C8579500AF46D0 /* AppDelegate.swift in Sources */ = {isa = PBXBuildFile; fileRef = 84CFAE6925C8579500AF46D0 /* AppDelegate.swift */; };
		84CFAE6C25C8579500AF46D0 /* SceneDelegate.swift in Sources */ = {isa = PBXBuildFile; fileRef = 84CFAE6B25C8579500AF46D0 /* SceneDelegate.swift */; };
		84CFAE6E25C8579500AF46D0 /* CalculatorViewController.swift in Sources */ = {isa = PBXBuildFile; fileRef = 84CFAE6D25C8579500AF46D0 /* CalculatorViewController.swift */; };
		84CFAE7125C8579500AF46D0 /* Main.storyboard in Resources */ = {isa = PBXBuildFile; fileRef = 84CFAE6F25C8579500AF46D0 /* Main.storyboard */; };
		84CFAE7325C8579600AF46D0 /* Assets.xcassets in Resources */ = {isa = PBXBuildFile; fileRef = 84CFAE7225C8579600AF46D0 /* Assets.xcassets */; };
		84CFAE7625C8579600AF46D0 /* LaunchScreen.storyboard in Resources */ = {isa = PBXBuildFile; fileRef = 84CFAE7425C8579600AF46D0 /* LaunchScreen.storyboard */; };
		84CFAE8125C8579600AF46D0 /* CalculatorTanoTests.swift in Sources */ = {isa = PBXBuildFile; fileRef = 84CFAE8025C8579600AF46D0 /* CalculatorTanoTests.swift */; };
		84CFAE8C25C8579600AF46D0 /* CalculatorTanoUITests.swift in Sources */ = {isa = PBXBuildFile; fileRef = 84CFAE8B25C8579600AF46D0 /* CalculatorTanoUITests.swift */; };
		84CFAE9D25C89E4900AF46D0 /* UIButtonExtension.swift in Sources */ = {isa = PBXBuildFile; fileRef = 84CFAE9C25C89E4900AF46D0 /* UIButtonExtension.swift */; };
/* End PBXBuildFile section */

/* Begin PBXContainerItemProxy section */
		84CFAE7D25C8579600AF46D0 /* PBXContainerItemProxy */ = {
			isa = PBXContainerItemProxy;
			containerPortal = 84CFAE5E25C8579500AF46D0 /* Project object */;
			proxyType = 1;
			remoteGlobalIDString = 84CFAE6525C8579500AF46D0;
			remoteInfo = CalculatorTano;
		};
		84CFAE8825C8579600AF46D0 /* PBXContainerItemProxy */ = {
			isa = PBXContainerItemProxy;
			containerPortal = 84CFAE5E25C8579500AF46D0 /* Project object */;
			proxyType = 1;
			remoteGlobalIDString = 84CFAE6525C8579500AF46D0;
			remoteInfo = CalculatorTano;
		};
/* End PBXContainerItemProxy section */

/* Begin PBXFileReference section */
		84CFAE6625C8579500AF46D0 /* CalculatorTano.app */ = {isa = PBXFileReference; explicitFileType = wrapper.application; includeInIndex = 0; path = CalculatorTano.app; sourceTree = BUILT_PRODUCTS_DIR; };
		84CFAE6925C8579500AF46D0 /* AppDelegate.swift */ = {isa = PBXFileReference; lastKnownFileType = sourcecode.swift; path = AppDelegate.swift; sourceTree = "<group>"; };
		84CFAE6B25C8579500AF46D0 /* SceneDelegate.swift */ = {isa = PBXFileReference; lastKnownFileType = sourcecode.swift; path = SceneDelegate.swift; sourceTree = "<group>"; };
		84CFAE6D25C8579500AF46D0 /* CalculatorViewController.swift */ = {isa = PBXFileReference; lastKnownFileType = sourcecode.swift; path = CalculatorViewController.swift; sourceTree = "<group>"; };
		84CFAE7025C8579500AF46D0 /* Base */ = {isa = PBXFileReference; lastKnownFileType = file.storyboard; name = Base; path = Base.lproj/Main.storyboard; sourceTree = "<group>"; };
		84CFAE7225C8579600AF46D0 /* Assets.xcassets */ = {isa = PBXFileReference; lastKnownFileType = folder.assetcatalog; path = Assets.xcassets; sourceTree = "<group>"; };
		84CFAE7525C8579600AF46D0 /* Base */ = {isa = PBXFileReference; lastKnownFileType = file.storyboard; name = Base; path = Base.lproj/LaunchScreen.storyboard; sourceTree = "<group>"; };
		84CFAE7725C8579600AF46D0 /* Info.plist */ = {isa = PBXFileReference; lastKnownFileType = text.plist.xml; path = Info.plist; sourceTree = "<group>"; };
		84CFAE7C25C8579600AF46D0 /* CalculatorTanoTests.xctest */ = {isa = PBXFileReference; explicitFileType = wrapper.cfbundle; includeInIndex = 0; path = CalculatorTanoTests.xctest; sourceTree = BUILT_PRODUCTS_DIR; };
		84CFAE8025C8579600AF46D0 /* CalculatorTanoTests.swift */ = {isa = PBXFileReference; lastKnownFileType = sourcecode.swift; path = CalculatorTanoTests.swift; sourceTree = "<group>"; };
		84CFAE8225C8579600AF46D0 /* Info.plist */ = {isa = PBXFileReference; lastKnownFileType = text.plist.xml; path = Info.plist; sourceTree = "<group>"; };
		84CFAE8725C8579600AF46D0 /* CalculatorTanoUITests.xctest */ = {isa = PBXFileReference; explicitFileType = wrapper.cfbundle; includeInIndex = 0; path = CalculatorTanoUITests.xctest; sourceTree = BUILT_PRODUCTS_DIR; };
		84CFAE8B25C8579600AF46D0 /* CalculatorTanoUITests.swift */ = {isa = PBXFileReference; lastKnownFileType = sourcecode.swift; path = CalculatorTanoUITests.swift; sourceTree = "<group>"; };
		84CFAE8D25C8579600AF46D0 /* Info.plist */ = {isa = PBXFileReference; lastKnownFileType = text.plist.xml; path = Info.plist; sourceTree = "<group>"; };
		84CFAE9C25C89E4900AF46D0 /* UIButtonExtension.swift */ = {isa = PBXFileReference; lastKnownFileType = sourcecode.swift; path = UIButtonExtension.swift; sourceTree = "<group>"; };
/* End PBXFileReference section */

/* Begin PBXFrameworksBuildPhase section */
		84CFAE6325C8579500AF46D0 /* Frameworks */ = {
			isa = PBXFrameworksBuildPhase;
			buildActionMask = 2147483647;
			files = (
			);
			runOnlyForDeploymentPostprocessing = 0;
		};
		84CFAE7925C8579600AF46D0 /* Frameworks */ = {
			isa = PBXFrameworksBuildPhase;
			buildActionMask = 2147483647;
			files = (
			);
			runOnlyForDeploymentPostprocessing = 0;
		};
		84CFAE8425C8579600AF46D0 /* Frameworks */ = {
			isa = PBXFrameworksBuildPhase;
			buildActionMask = 2147483647;
			files = (
			);
			runOnlyForDeploymentPostprocessing = 0;
		};
/* End PBXFrameworksBuildPhase section */

/* Begin PBXGroup section */
		84CFAE5D25C8579500AF46D0 = {
			isa = PBXGroup;
			children = (
				84CFAE6825C8579500AF46D0 /* CalculatorTano */,
				84CFAE7F25C8579600AF46D0 /* CalculatorTanoTests */,
				84CFAE8A25C8579600AF46D0 /* CalculatorTanoUITests */,
				84CFAE6725C8579500AF46D0 /* Products */,
			);
			sourceTree = "<group>";
		};
		84CFAE6725C8579500AF46D0 /* Products */ = {
			isa = PBXGroup;
			children = (
				84CFAE6625C8579500AF46D0 /* CalculatorTano.app */,
				84CFAE7C25C8579600AF46D0 /* CalculatorTanoTests.xctest */,
				84CFAE8725C8579600AF46D0 /* CalculatorTanoUITests.xctest */,
			);
			name = Products;
			sourceTree = "<group>";
		};
		84CFAE6825C8579500AF46D0 /* CalculatorTano */ = {
			isa = PBXGroup;
			children = (
				84CFAE7725C8579600AF46D0 /* Info.plist */,
				84CFAEAF25C8A43E00AF46D0 /* Asserts */,
				84CFAEB025C8A45000AF46D0 /* App */,
				84CFAEAD25C8A41500AF46D0 /* Controllers */,
				84CFAEAE25C8A42F00AF46D0 /* Storyboards */,
				84CFAEB425C8A45800AF46D0 /* Extensions */,
			);
			path = CalculatorTano;
			sourceTree = "<group>";
		};
		84CFAE7F25C8579600AF46D0 /* CalculatorTanoTests */ = {
			isa = PBXGroup;
			children = (
				84CFAE8025C8579600AF46D0 /* CalculatorTanoTests.swift */,
				84CFAE8225C8579600AF46D0 /* Info.plist */,
			);
			path = CalculatorTanoTests;
			sourceTree = "<group>";
		};
		84CFAE8A25C8579600AF46D0 /* CalculatorTanoUITests */ = {
			isa = PBXGroup;
			children = (
				84CFAE8B25C8579600AF46D0 /* CalculatorTanoUITests.swift */,
				84CFAE8D25C8579600AF46D0 /* Info.plist */,
			);
			path = CalculatorTanoUITests;
			sourceTree = "<group>";
		};
		84CFAEAD25C8A41500AF46D0 /* Controllers */ = {
			isa = PBXGroup;
			children = (
				84CFAE6D25C8579500AF46D0 /* CalculatorViewController.swift */,
			);
			path = Controllers;
			sourceTree = "<group>";
		};
		84CFAEAE25C8A42F00AF46D0 /* Storyboards */ = {
			isa = PBXGroup;
			children = (
				84CFAE6F25C8579500AF46D0 /* Main.storyboard */,
				84CFAE7425C8579600AF46D0 /* LaunchScreen.storyboard */,
			);
			path = Storyboards;
			sourceTree = "<group>";
		};
		84CFAEAF25C8A43E00AF46D0 /* Asserts */ = {
			isa = PBXGroup;
			children = (
				84CFAE7225C8579600AF46D0 /* Assets.xcassets */,
			);
			path = Asserts;
			sourceTree = "<group>";
		};
		84CFAEB025C8A45000AF46D0 /* App */ = {
			isa = PBXGroup;
			children = (
				84CFAE6925C8579500AF46D0 /* AppDelegate.swift */,
				84CFAE6B25C8579500AF46D0 /* SceneDelegate.swift */,
			);
			path = App;
			sourceTree = "<group>";
		};
		84CFAEB425C8A45800AF46D0 /* Extensions */ = {
			isa = PBXGroup;
			children = (
				84CFAE9C25C89E4900AF46D0 /* UIButtonExtension.swift */,
			);
			path = Extensions;
			sourceTree = "<group>";
		};
/* End PBXGroup section */

/* Begin PBXNativeTarget section */
		84CFAE6525C8579500AF46D0 /* CalculatorTano */ = {
			isa = PBXNativeTarget;
			buildConfigurationList = 84CFAE9025C8579600AF46D0 /* Build configuration list for PBXNativeTarget "CalculatorTano" */;
			buildPhases = (
				84CFAE6225C8579500AF46D0 /* Sources */,
				84CFAE6325C8579500AF46D0 /* Frameworks */,
				84CFAE6425C8579500AF46D0 /* Resources */,
			);
			buildRules = (
			);
			dependencies = (
			);
			name = CalculatorTano;
			productName = CalculatorTano;
			productReference = 84CFAE6625C8579500AF46D0 /* CalculatorTano.app */;
			productType = "com.apple.product-type.application";
		};
		84CFAE7B25C8579600AF46D0 /* CalculatorTanoTests */ = {
			isa = PBXNativeTarget;
			buildConfigurationList = 84CFAE9325C8579600AF46D0 /* Build configuration list for PBXNativeTarget "CalculatorTanoTests" */;
			buildPhases = (
				84CFAE7825C8579600AF46D0 /* Sources */,
				84CFAE7925C8579600AF46D0 /* Frameworks */,
				84CFAE7A25C8579600AF46D0 /* Resources */,
			);
			buildRules = (
			);
			dependencies = (
				84CFAE7E25C8579600AF46D0 /* PBXTargetDependency */,
			);
			name = CalculatorTanoTests;
			productName = CalculatorTanoTests;
			productReference = 84CFAE7C25C8579600AF46D0 /* CalculatorTanoTests.xctest */;
			productType = "com.apple.product-type.bundle.unit-test";
		};
		84CFAE8625C8579600AF46D0 /* CalculatorTanoUITests */ = {
			isa = PBXNativeTarget;
			buildConfigurationList = 84CFAE9625C8579600AF46D0 /* Build configuration list for PBXNativeTarget "CalculatorTanoUITests" */;
			buildPhases = (
				84CFAE8325C8579600AF46D0 /* Sources */,
				84CFAE8425C8579600AF46D0 /* Frameworks */,
				84CFAE8525C8579600AF46D0 /* Resources */,
			);
			buildRules = (
			);
			dependencies = (
				84CFAE8925C8579600AF46D0 /* PBXTargetDependency */,
			);
			name = CalculatorTanoUITests;
			productName = CalculatorTanoUITests;
			productReference = 84CFAE8725C8579600AF46D0 /* CalculatorTanoUITests.xctest */;
			productType = "com.apple.product-type.bundle.ui-testing";
		};
/* End PBXNativeTarget section */

/* Begin PBXProject section */
		84CFAE5E25C8579500AF46D0 /* Project object */ = {
			isa = PBXProject;
			attributes = {
				LastSwiftUpdateCheck = 1220;
				LastUpgradeCheck = 1220;
				TargetAttributes = {
					84CFAE6525C8579500AF46D0 = {
						CreatedOnToolsVersion = 12.2;
					};
					84CFAE7B25C8579600AF46D0 = {
						CreatedOnToolsVersion = 12.2;
						TestTargetID = 84CFAE6525C8579500AF46D0;
					};
					84CFAE8625C8579600AF46D0 = {
						CreatedOnToolsVersion = 12.2;
						TestTargetID = 84CFAE6525C8579500AF46D0;
					};
				};
			};
			buildConfigurationList = 84CFAE6125C8579500AF46D0 /* Build configuration list for PBXProject "CalculatorTano" */;
			compatibilityVersion = "Xcode 9.3";
			developmentRegion = en;
			hasScannedForEncodings = 0;
			knownRegions = (
				en,
				Base,
			);
			mainGroup = 84CFAE5D25C8579500AF46D0;
			productRefGroup = 84CFAE6725C8579500AF46D0 /* Products */;
			projectDirPath = "";
			projectRoot = "";
			targets = (
				84CFAE6525C8579500AF46D0 /* CalculatorTano */,
				84CFAE7B25C8579600AF46D0 /* CalculatorTanoTests */,
				84CFAE8625C8579600AF46D0 /* CalculatorTanoUITests */,
			);
		};
/* End PBXProject section */

/* Begin PBXResourcesBuildPhase section */
		84CFAE6425C8579500AF46D0 /* Resources */ = {
			isa = PBXResourcesBuildPhase;
			buildActionMask = 2147483647;
			files = (
				84CFAE7625C8579600AF46D0 /* LaunchScreen.storyboard in Resources */,
				84CFAE7325C8579600AF46D0 /* Assets.xcassets in Resources */,
				84CFAE7125C8579500AF46D0 /* Main.storyboard in Resources */,
			);
			runOnlyForDeploymentPostprocessing = 0;
		};
		84CFAE7A25C8579600AF46D0 /* Resources */ = {
			isa = PBXResourcesBuildPhase;
			buildActionMask = 2147483647;
			files = (
			);
			runOnlyForDeploymentPostprocessing = 0;
		};
		84CFAE8525C8579600AF46D0 /* Resources */ = {
			isa = PBXResourcesBuildPhase;
			buildActionMask = 2147483647;
			files = (
			);
			runOnlyForDeploymentPostprocessing = 0;
		};
/* End PBXResourcesBuildPhase section */

/* Begin PBXSourcesBuildPhase section */
		84CFAE6225C8579500AF46D0 /* Sources */ = {
			isa = PBXSourcesBuildPhase;
			buildActionMask = 2147483647;
			files = (
				84CFAE6E25C8579500AF46D0 /* CalculatorViewController.swift in Sources */,
				84CFAE9D25C89E4900AF46D0 /* UIButtonExtension.swift in Sources */,
				84CFAE6A25C8579500AF46D0 /* AppDelegate.swift in Sources */,
				84CFAE6C25C8579500AF46D0 /* SceneDelegate.swift in Sources */,
			);
			runOnlyForDeploymentPostprocessing = 0;
		};
		84CFAE7825C8579600AF46D0 /* Sources */ = {
			isa = PBXSourcesBuildPhase;
			buildActionMask = 2147483647;
			files = (
				84CFAE8125C8579600AF46D0 /* CalculatorTanoTests.swift in Sources */,
			);
			runOnlyForDeploymentPostprocessing = 0;
		};
		84CFAE8325C8579600AF46D0 /* Sources */ = {
			isa = PBXSourcesBuildPhase;
			buildActionMask = 2147483647;
			files = (
				84CFAE8C25C8579600AF46D0 /* CalculatorTanoUITests.swift in Sources */,
			);
			runOnlyForDeploymentPostprocessing = 0;
		};
/* End PBXSourcesBuildPhase section */

/* Begin PBXTargetDependency section */
		84CFAE7E25C8579600AF46D0 /* PBXTargetDependency */ = {
			isa = PBXTargetDependency;
			target = 84CFAE6525C8579500AF46D0 /* CalculatorTano */;
			targetProxy = 84CFAE7D25C8579600AF46D0 /* PBXContainerItemProxy */;
		};
		84CFAE8925C8579600AF46D0 /* PBXTargetDependency */ = {
			isa = PBXTargetDependency;
			target = 84CFAE6525C8579500AF46D0 /* CalculatorTano */;
			targetProxy = 84CFAE8825C8579600AF46D0 /* PBXContainerItemProxy */;
		};
/* End PBXTargetDependency section */

/* Begin PBXVariantGroup section */
		84CFAE6F25C8579500AF46D0 /* Main.storyboard */ = {
			isa = PBXVariantGroup;
			children = (
				84CFAE7025C8579500AF46D0 /* Base */,
			);
			name = Main.storyboard;
			sourceTree = "<group>";
		};
		84CFAE7425C8579600AF46D0 /* LaunchScreen.storyboard */ = {
			isa = PBXVariantGroup;
			children = (
				84CFAE7525C8579600AF46D0 /* Base */,
			);
			name = LaunchScreen.storyboard;
			sourceTree = "<group>";
		};
/* End PBXVariantGroup section */

/* Begin XCBuildConfiguration section */
		84CFAE8E25C8579600AF46D0 /* Debug */ = {
			isa = XCBuildConfiguration;
			buildSettings = {
				ALWAYS_SEARCH_USER_PATHS = NO;
				CLANG_ANALYZER_NONNULL = YES;
				CLANG_ANALYZER_NUMBER_OBJECT_CONVERSION = YES_AGGRESSIVE;
				CLANG_CXX_LANGUAGE_STANDARD = "gnu++14";
				CLANG_CXX_LIBRARY = "libc++";
				CLANG_ENABLE_MODULES = YES;
				CLANG_ENABLE_OBJC_ARC = YES;
				CLANG_ENABLE_OBJC_WEAK = YES;
				CLANG_WARN_BLOCK_CAPTURE_AUTORELEASING = YES;
				CLANG_WARN_BOOL_CONVERSION = YES;
				CLANG_WARN_COMMA = YES;
				CLANG_WARN_CONSTANT_CONVERSION = YES;
				CLANG_WARN_DEPRECATED_OBJC_IMPLEMENTATIONS = YES;
				CLANG_WARN_DIRECT_OBJC_ISA_USAGE = YES_ERROR;
				CLANG_WARN_DOCUMENTATION_COMMENTS = YES;
				CLANG_WARN_EMPTY_BODY = YES;
				CLANG_WARN_ENUM_CONVERSION = YES;
				CLANG_WARN_INFINITE_RECURSION = YES;
				CLANG_WARN_INT_CONVERSION = YES;
				CLANG_WARN_NON_LITERAL_NULL_CONVERSION = YES;
				CLANG_WARN_OBJC_IMPLICIT_RETAIN_SELF = YES;
				CLANG_WARN_OBJC_LITERAL_CONVERSION = YES;
				CLANG_WARN_OBJC_ROOT_CLASS = YES_ERROR;
				CLANG_WARN_QUOTED_INCLUDE_IN_FRAMEWORK_HEADER = YES;
				CLANG_WARN_RANGE_LOOP_ANALYSIS = YES;
				CLANG_WARN_STRICT_PROTOTYPES = YES;
				CLANG_WARN_SUSPICIOUS_MOVE = YES;
				CLANG_WARN_UNGUARDED_AVAILABILITY = YES_AGGRESSIVE;
				CLANG_WARN_UNREACHABLE_CODE = YES;
				CLANG_WARN__DUPLICATE_METHOD_MATCH = YES;
				COPY_PHASE_STRIP = NO;
				DEBUG_INFORMATION_FORMAT = dwarf;
				ENABLE_STRICT_OBJC_MSGSEND = YES;
				ENABLE_TESTABILITY = YES;
				GCC_C_LANGUAGE_STANDARD = gnu11;
				GCC_DYNAMIC_NO_PIC = NO;
				GCC_NO_COMMON_BLOCKS = YES;
				GCC_OPTIMIZATION_LEVEL = 0;
				GCC_PREPROCESSOR_DEFINITIONS = (
					"DEBUG=1",
					"$(inherited)",
				);
				GCC_WARN_64_TO_32_BIT_CONVERSION = YES;
				GCC_WARN_ABOUT_RETURN_TYPE = YES_ERROR;
				GCC_WARN_UNDECLARED_SELECTOR = YES;
				GCC_WARN_UNINITIALIZED_AUTOS = YES_AGGRESSIVE;
				GCC_WARN_UNUSED_FUNCTION = YES;
				GCC_WARN_UNUSED_VARIABLE = YES;
				IPHONEOS_DEPLOYMENT_TARGET = 14.2;
				MTL_ENABLE_DEBUG_INFO = INCLUDE_SOURCE;
				MTL_FAST_MATH = YES;
				ONLY_ACTIVE_ARCH = YES;
				SDKROOT = iphoneos;
				SWIFT_ACTIVE_COMPILATION_CONDITIONS = DEBUG;
				SWIFT_OPTIMIZATION_LEVEL = "-Onone";
			};
			name = Debug;
		};
		84CFAE8F25C8579600AF46D0 /* Release */ = {
			isa = XCBuildConfiguration;
			buildSettings = {
				ALWAYS_SEARCH_USER_PATHS = NO;
				CLANG_ANALYZER_NONNULL = YES;
				CLANG_ANALYZER_NUMBER_OBJECT_CONVERSION = YES_AGGRESSIVE;
				CLANG_CXX_LANGUAGE_STANDARD = "gnu++14";
				CLANG_CXX_LIBRARY = "libc++";
				CLANG_ENABLE_MODULES = YES;
				CLANG_ENABLE_OBJC_ARC = YES;
				CLANG_ENABLE_OBJC_WEAK = YES;
				CLANG_WARN_BLOCK_CAPTURE_AUTORELEASING = YES;
				CLANG_WARN_BOOL_CONVERSION = YES;
				CLANG_WARN_COMMA = YES;
				CLANG_WARN_CONSTANT_CONVERSION = YES;
				CLANG_WARN_DEPRECATED_OBJC_IMPLEMENTATIONS = YES;
				CLANG_WARN_DIRECT_OBJC_ISA_USAGE = YES_ERROR;
				CLANG_WARN_DOCUMENTATION_COMMENTS = YES;
				CLANG_WARN_EMPTY_BODY = YES;
				CLANG_WARN_ENUM_CONVERSION = YES;
				CLANG_WARN_INFINITE_RECURSION = YES;
				CLANG_WARN_INT_CONVERSION = YES;
				CLANG_WARN_NON_LITERAL_NULL_CONVERSION = YES;
				CLANG_WARN_OBJC_IMPLICIT_RETAIN_SELF = YES;
				CLANG_WARN_OBJC_LITERAL_CONVERSION = YES;
				CLANG_WARN_OBJC_ROOT_CLASS = YES_ERROR;
				CLANG_WARN_QUOTED_INCLUDE_IN_FRAMEWORK_HEADER = YES;
				CLANG_WARN_RANGE_LOOP_ANALYSIS = YES;
				CLANG_WARN_STRICT_PROTOTYPES = YES;
				CLANG_WARN_SUSPICIOUS_MOVE = YES;
				CLANG_WARN_UNGUARDED_AVAILABILITY = YES_AGGRESSIVE;
				CLANG_WARN_UNREACHABLE_CODE = YES;
				CLANG_WARN__DUPLICATE_METHOD_MATCH = YES;
				COPY_PHASE_STRIP = NO;
				DEBUG_INFORMATION_FORMAT = "dwarf-with-dsym";
				ENABLE_NS_ASSERTIONS = NO;
				ENABLE_STRICT_OBJC_MSGSEND = YES;
				GCC_C_LANGUAGE_STANDARD = gnu11;
				GCC_NO_COMMON_BLOCKS = YES;
				GCC_WARN_64_TO_32_BIT_CONVERSION = YES;
				GCC_WARN_ABOUT_RETURN_TYPE = YES_ERROR;
				GCC_WARN_UNDECLARED_SELECTOR = YES;
				GCC_WARN_UNINITIALIZED_AUTOS = YES_AGGRESSIVE;
				GCC_WARN_UNUSED_FUNCTION = YES;
				GCC_WARN_UNUSED_VARIABLE = YES;
				IPHONEOS_DEPLOYMENT_TARGET = 14.2;
				MTL_ENABLE_DEBUG_INFO = NO;
				MTL_FAST_MATH = YES;
				SDKROOT = iphoneos;
				SWIFT_COMPILATION_MODE = wholemodule;
				SWIFT_OPTIMIZATION_LEVEL = "-O";
				VALIDATE_PRODUCT = YES;
			};
			name = Release;
		};
		84CFAE9125C8579600AF46D0 /* Debug */ = {
			isa = XCBuildConfiguration;
			buildSettings = {
				ASSETCATALOG_COMPILER_APPICON_NAME = AppIcon;
				ASSETCATALOG_COMPILER_GLOBAL_ACCENT_COLOR_NAME = AccentColor;
				CODE_SIGN_STYLE = Automatic;
				INFOPLIST_FILE = CalculatorTano/Info.plist;
				LD_RUNPATH_SEARCH_PATHS = (
					"$(inherited)",
					"@executable_path/Frameworks",
				);
				PRODUCT_BUNDLE_IDENTIFIER = com.appboys.CalculatorTano.CalculatorTano;
				PRODUCT_NAME = "$(TARGET_NAME)";
				SWIFT_VERSION = 5.0;
				TARGETED_DEVICE_FAMILY = "1,2";
			};
			name = Debug;
		};
		84CFAE9225C8579600AF46D0 /* Release */ = {
			isa = XCBuildConfiguration;
			buildSettings = {
				ASSETCATALOG_COMPILER_APPICON_NAME = AppIcon;
				ASSETCATALOG_COMPILER_GLOBAL_ACCENT_COLOR_NAME = AccentColor;
				CODE_SIGN_STYLE = Automatic;
				INFOPLIST_FILE = CalculatorTano/Info.plist;
				LD_RUNPATH_SEARCH_PATHS = (
					"$(inherited)",
					"@executable_path/Frameworks",
				);
				PRODUCT_BUNDLE_IDENTIFIER = com.appboys.CalculatorTano.CalculatorTano;
				PRODUCT_NAME = "$(TARGET_NAME)";
				SWIFT_VERSION = 5.0;
				TARGETED_DEVICE_FAMILY = "1,2";
			};
			name = Release;
		};
		84CFAE9425C8579600AF46D0 /* Debug */ = {
			isa = XCBuildConfiguration;
			buildSettings = {
				ALWAYS_EMBED_SWIFT_STANDARD_LIBRARIES = YES;
				BUNDLE_LOADER = "$(TEST_HOST)";
				CODE_SIGN_STYLE = Automatic;
				INFOPLIST_FILE = CalculatorTanoTests/Info.plist;
				IPHONEOS_DEPLOYMENT_TARGET = 14.2;
				LD_RUNPATH_SEARCH_PATHS = (
					"$(inherited)",
					"@executable_path/Frameworks",
					"@loader_path/Frameworks",
				);
				PRODUCT_BUNDLE_IDENTIFIER = com.appboys.CalculatorTano.CalculatorTanoTests;
				PRODUCT_NAME = "$(TARGET_NAME)";
				SWIFT_VERSION = 5.0;
				TARGETED_DEVICE_FAMILY = "1,2";
				TEST_HOST = "$(BUILT_PRODUCTS_DIR)/CalculatorTano.app/CalculatorTano";
			};
			name = Debug;
		};
		84CFAE9525C8579600AF46D0 /* Release */ = {
			isa = XCBuildConfiguration;
			buildSettings = {
				ALWAYS_EMBED_SWIFT_STANDARD_LIBRARIES = YES;
				BUNDLE_LOADER = "$(TEST_HOST)";
				CODE_SIGN_STYLE = Automatic;
				INFOPLIST_FILE = CalculatorTanoTests/Info.plist;
				IPHONEOS_DEPLOYMENT_TARGET = 14.2;
				LD_RUNPATH_SEARCH_PATHS = (
					"$(inherited)",
					"@executable_path/Frameworks",
					"@loader_path/Frameworks",
				);
				PRODUCT_BUNDLE_IDENTIFIER = com.appboys.CalculatorTano.CalculatorTanoTests;
				PRODUCT_NAME = "$(TARGET_NAME)";
				SWIFT_VERSION = 5.0;
				TARGETED_DEVICE_FAMILY = "1,2";
				TEST_HOST = "$(BUILT_PRODUCTS_DIR)/CalculatorTano.app/CalculatorTano";
			};
			name = Release;
		};
		84CFAE9725C8579600AF46D0 /* Debug */ = {
			isa = XCBuildConfiguration;
			buildSettings = {
				ALWAYS_EMBED_SWIFT_STANDARD_LIBRARIES = YES;
				CODE_SIGN_STYLE = Automatic;
				INFOPLIST_FILE = CalculatorTanoUITests/Info.plist;
				LD_RUNPATH_SEARCH_PATHS = (
					"$(inherited)",
					"@executable_path/Frameworks",
					"@loader_path/Frameworks",
				);
				PRODUCT_BUNDLE_IDENTIFIER = com.appboys.CalculatorTano.CalculatorTanoUITests;
				PRODUCT_NAME = "$(TARGET_NAME)";
				SWIFT_VERSION = 5.0;
				TARGETED_DEVICE_FAMILY = "1,2";
				TEST_TARGET_NAME = CalculatorTano;
			};
			name = Debug;
		};
		84CFAE9825C8579600AF46D0 /* Release */ = {
			isa = XCBuildConfiguration;
			buildSettings = {
				ALWAYS_EMBED_SWIFT_STANDARD_LIBRARIES = YES;
				CODE_SIGN_STYLE = Automatic;
				INFOPLIST_FILE = CalculatorTanoUITests/Info.plist;
				LD_RUNPATH_SEARCH_PATHS = (
					"$(inherited)",
					"@executable_path/Frameworks",
					"@loader_path/Frameworks",
				);
				PRODUCT_BUNDLE_IDENTIFIER = com.appboys.CalculatorTano.CalculatorTanoUITests;
				PRODUCT_NAME = "$(TARGET_NAME)";
				SWIFT_VERSION = 5.0;
				TARGETED_DEVICE_FAMILY = "1,2";
				TEST_TARGET_NAME = CalculatorTano;
			};
			name = Release;
		};
/* End XCBuildConfiguration section */

/* Begin XCConfigurationList section */
		84CFAE6125C8579500AF46D0 /* Build configuration list for PBXProject "CalculatorTano" */ = {
			isa = XCConfigurationList;
			buildConfigurations = (
				84CFAE8E25C8579600AF46D0 /* Debug */,
				84CFAE8F25C8579600AF46D0 /* Release */,
			);
			defaultConfigurationIsVisible = 0;
			defaultConfigurationName = Release;
		};
		84CFAE9025C8579600AF46D0 /* Build configuration list for PBXNativeTarget "CalculatorTano" */ = {
			isa = XCConfigurationList;
			buildConfigurations = (
				84CFAE9125C8579600AF46D0 /* Debug */,
				84CFAE9225C8579600AF46D0 /* Release */,
			);
			defaultConfigurationIsVisible = 0;
			defaultConfigurationName = Release;
		};
		84CFAE9325C8579600AF46D0 /* Build configuration list for PBXNativeTarget "CalculatorTanoTests" */ = {
			isa = XCConfigurationList;
			buildConfigurations = (
				84CFAE9425C8579600AF46D0 /* Debug */,
				84CFAE9525C8579600AF46D0 /* Release */,
			);
			defaultConfigurationIsVisible = 0;
			defaultConfigurationName = Release;
		};
		84CFAE9625C8579600AF46D0 /* Build configuration list for PBXNativeTarget "CalculatorTanoUITests" */ = {
			isa = XCConfigurationList;
			buildConfigurations = (
				84CFAE9725C8579600AF46D0 /* Debug */,
				84CFAE9825C8579600AF46D0 /* Release */,
			);
			defaultConfigurationIsVisible = 0;
			defaultConfigurationName = Release;
		};
/* End XCConfigurationList section */
	};
	rootObject = 84CFAE5E25C8579500AF46D0 /* Project object */;
}
